// !$*UTF8*$!
{
	archiveVersion = 1;
	classes = {
	};
	objectVersion = 55;
	objects = {

/* Begin PBXBuildFile section */
		560E03D52898C7B00035C9EE /* Pan.swift in Sources */ = {isa = PBXBuildFile; fileRef = 560E03D42898C7B00035C9EE /* Pan.swift */; };
		560E03D72898C7FE0035C9EE /* SanChuan.swift in Sources */ = {isa = PBXBuildFile; fileRef = 560E03D62898C7FE0035C9EE /* SanChuan.swift */; };
		560E03D92898C81C0035C9EE /* SiKe.swift in Sources */ = {isa = PBXBuildFile; fileRef = 560E03D82898C81C0035C9EE /* SiKe.swift */; };
		560E03DC28998F880035C9EE /* SiZhuView.swift in Sources */ = {isa = PBXBuildFile; fileRef = 560E03DB28998F880035C9EE /* SiZhuView.swift */; };
		560E03DE28998FB50035C9EE /* PanView.swift in Sources */ = {isa = PBXBuildFile; fileRef = 560E03DD28998FB50035C9EE /* PanView.swift */; };
		562B590F28962BFB002AF874 /* calcSiZhu.swift in Sources */ = {isa = PBXBuildFile; fileRef = 562B590E28962BFB002AF874 /* calcSiZhu.swift */; };
		567A487E28A0CD55005BDB16 /* GanZhi.swift in Sources */ = {isa = PBXBuildFile; fileRef = 567A487D28A0CD55005BDB16 /* GanZhi.swift */; };
		567A488028A0D482005BDB16 /* WuXing.swift in Sources */ = {isa = PBXBuildFile; fileRef = 567A487F28A0D482005BDB16 /* WuXing.swift */; };
		56E7EF45288F8F0F0065F396 /* KeXueSuanMing_iOSApp.swift in Sources */ = {isa = PBXBuildFile; fileRef = 56E7EF44288F8F0F0065F396 /* KeXueSuanMing_iOSApp.swift */; };
		56E7EF47288F8F0F0065F396 /* ContentView.swift in Sources */ = {isa = PBXBuildFile; fileRef = 56E7EF46288F8F0F0065F396 /* ContentView.swift */; };
		56E7EF49288F8F1B0065F396 /* Assets.xcassets in Resources */ = {isa = PBXBuildFile; fileRef = 56E7EF48288F8F1B0065F396 /* Assets.xcassets */; };
		56E7EF4C288F8F1B0065F396 /* Preview Assets.xcassets in Resources */ = {isa = PBXBuildFile; fileRef = 56E7EF4B288F8F1B0065F396 /* Preview Assets.xcassets */; };
		56E7EF57289070DE0065F396 /* calcJD.swift in Sources */ = {isa = PBXBuildFile; fileRef = 56E7EF56289070DE0065F396 /* calcJD.swift */; };
/* End PBXBuildFile section */

/* Begin PBXFileReference section */
		560E03D42898C7B00035C9EE /* Pan.swift */ = {isa = PBXFileReference; lastKnownFileType = sourcecode.swift; path = Pan.swift; sourceTree = "<group>"; };
		560E03D62898C7FE0035C9EE /* SanChuan.swift */ = {isa = PBXFileReference; lastKnownFileType = sourcecode.swift; path = SanChuan.swift; sourceTree = "<group>"; };
		560E03D82898C81C0035C9EE /* SiKe.swift */ = {isa = PBXFileReference; lastKnownFileType = sourcecode.swift; path = SiKe.swift; sourceTree = "<group>"; };
		560E03DB28998F880035C9EE /* SiZhuView.swift */ = {isa = PBXFileReference; lastKnownFileType = sourcecode.swift; path = SiZhuView.swift; sourceTree = "<group>"; };
		560E03DD28998FB50035C9EE /* PanView.swift */ = {isa = PBXFileReference; lastKnownFileType = sourcecode.swift; path = PanView.swift; sourceTree = "<group>"; };
		562B590E28962BFB002AF874 /* calcSiZhu.swift */ = {isa = PBXFileReference; lastKnownFileType = sourcecode.swift; path = calcSiZhu.swift; sourceTree = "<group>"; };
		567A487D28A0CD55005BDB16 /* GanZhi.swift */ = {isa = PBXFileReference; lastKnownFileType = sourcecode.swift; path = GanZhi.swift; sourceTree = "<group>"; };
		567A487F28A0D482005BDB16 /* WuXing.swift */ = {isa = PBXFileReference; lastKnownFileType = sourcecode.swift; path = WuXing.swift; sourceTree = "<group>"; };
		56E7EF41288F8F0F0065F396 /* 大六壬起盘工具.app */ = {isa = PBXFileReference; explicitFileType = wrapper.application; includeInIndex = 0; path = "大六壬起盘工具.app"; sourceTree = BUILT_PRODUCTS_DIR; };
		56E7EF44288F8F0F0065F396 /* KeXueSuanMing_iOSApp.swift */ = {isa = PBXFileReference; lastKnownFileType = sourcecode.swift; path = KeXueSuanMing_iOSApp.swift; sourceTree = "<group>"; };
		56E7EF46288F8F0F0065F396 /* ContentView.swift */ = {isa = PBXFileReference; lastKnownFileType = sourcecode.swift; path = ContentView.swift; sourceTree = "<group>"; };
		56E7EF48288F8F1B0065F396 /* Assets.xcassets */ = {isa = PBXFileReference; lastKnownFileType = folder.assetcatalog; path = Assets.xcassets; sourceTree = "<group>"; };
		56E7EF4B288F8F1B0065F396 /* Preview Assets.xcassets */ = {isa = PBXFileReference; lastKnownFileType = folder.assetcatalog; path = "Preview Assets.xcassets"; sourceTree = "<group>"; };
		56E7EF56289070DE0065F396 /* calcJD.swift */ = {isa = PBXFileReference; lastKnownFileType = sourcecode.swift; path = calcJD.swift; sourceTree = "<group>"; };
/* End PBXFileReference section */

/* Begin PBXFrameworksBuildPhase section */
		56E7EF3E288F8F0F0065F396 /* Frameworks */ = {
			isa = PBXFrameworksBuildPhase;
			buildActionMask = 2147483647;
			files = (
			);
			runOnlyForDeploymentPostprocessing = 0;
		};
/* End PBXFrameworksBuildPhase section */

/* Begin PBXGroup section */
		562B590D2894F206002AF874 /* shared */ = {
			isa = PBXGroup;
			children = (
				56E7EF56289070DE0065F396 /* calcJD.swift */,
				562B590E28962BFB002AF874 /* calcSiZhu.swift */,
				567A487D28A0CD55005BDB16 /* GanZhi.swift */,
				567A487F28A0D482005BDB16 /* WuXing.swift */,
			);
			path = shared;
			sourceTree = "<group>";
		};
		56E7EF38288F8F0F0065F396 = {
			isa = PBXGroup;
			children = (
				56E7EF43288F8F0F0065F396 /* KeXueSuanMing-iOS */,
				56E7EF42288F8F0F0065F396 /* Products */,
			);
			sourceTree = "<group>";
		};
		56E7EF42288F8F0F0065F396 /* Products */ = {
			isa = PBXGroup;
			children = (
				56E7EF41288F8F0F0065F396 /* 大六壬起盘工具.app */,
			);
			name = Products;
			sourceTree = "<group>";
		};
		56E7EF43288F8F0F0065F396 /* KeXueSuanMing-iOS */ = {
			isa = PBXGroup;
			children = (
				562B590D2894F206002AF874 /* shared */,
				56E7EF5B2890E9E40065F396 /* views */,
				56E7EF5A2890E9B30065F396 /* stores */,
				56E7EF592890E9940065F396 /* resource */,
				56E7EF582890E98F0065F396 /* models */,
				56E7EF44288F8F0F0065F396 /* KeXueSuanMing_iOSApp.swift */,
				56E7EF46288F8F0F0065F396 /* ContentView.swift */,
				56E7EF48288F8F1B0065F396 /* Assets.xcassets */,
				56E7EF4A288F8F1B0065F396 /* Preview Content */,
			);
			path = "KeXueSuanMing-iOS";
			sourceTree = "<group>";
		};
		56E7EF4A288F8F1B0065F396 /* Preview Content */ = {
			isa = PBXGroup;
			children = (
				56E7EF4B288F8F1B0065F396 /* Preview Assets.xcassets */,
			);
			path = "Preview Content";
			sourceTree = "<group>";
		};
		56E7EF582890E98F0065F396 /* models */ = {
			isa = PBXGroup;
			children = (
				560E03D42898C7B00035C9EE /* Pan.swift */,
				560E03D62898C7FE0035C9EE /* SanChuan.swift */,
				560E03D82898C81C0035C9EE /* SiKe.swift */,
			);
			path = models;
			sourceTree = "<group>";
		};
		56E7EF592890E9940065F396 /* resource */ = {
			isa = PBXGroup;
			children = (
			);
			path = resource;
			sourceTree = "<group>";
		};
		56E7EF5A2890E9B30065F396 /* stores */ = {
			isa = PBXGroup;
			children = (
			);
			path = stores;
			sourceTree = "<group>";
		};
		56E7EF5B2890E9E40065F396 /* views */ = {
			isa = PBXGroup;
			children = (
				560E03DB28998F880035C9EE /* SiZhuView.swift */,
				560E03DD28998FB50035C9EE /* PanView.swift */,
			);
			path = views;
			sourceTree = "<group>";
		};
/* End PBXGroup section */

/* Begin PBXNativeTarget section */
		56E7EF40288F8F0F0065F396 /* 大六壬起盘工具 */ = {
			isa = PBXNativeTarget;
			buildConfigurationList = 56E7EF4F288F8F1B0065F396 /* Build configuration list for PBXNativeTarget "大六壬起盘工具" */;
			buildPhases = (
				56E7EF3D288F8F0F0065F396 /* Sources */,
				56E7EF3E288F8F0F0065F396 /* Frameworks */,
				56E7EF3F288F8F0F0065F396 /* Resources */,
			);
			buildRules = (
			);
			dependencies = (
			);
			name = "大六壬起盘工具";
			packageProductDependencies = (
			);
			productName = "KeXueSuanMing-iOS";
			productReference = 56E7EF41288F8F0F0065F396 /* 大六壬起盘工具.app */;
			productType = "com.apple.product-type.application";
		};
/* End PBXNativeTarget section */

/* Begin PBXProject section */
		56E7EF39288F8F0F0065F396 /* Project object */ = {
			isa = PBXProject;
			attributes = {
				BuildIndependentTargetsInParallel = 1;
				LastSwiftUpdateCheck = 1340;
				LastUpgradeCheck = 1340;
				TargetAttributes = {
					56E7EF40288F8F0F0065F396 = {
						CreatedOnToolsVersion = 13.4.1;
					};
				};
			};
			buildConfigurationList = 56E7EF3C288F8F0F0065F396 /* Build configuration list for PBXProject "大六壬起盘工具" */;
			compatibilityVersion = "Xcode 13.0";
			developmentRegion = en;
			hasScannedForEncodings = 0;
			knownRegions = (
				en,
				Base,
			);
			mainGroup = 56E7EF38288F8F0F0065F396;
			packageReferences = (
			);
			productRefGroup = 56E7EF42288F8F0F0065F396 /* Products */;
			projectDirPath = "";
			projectRoot = "";
			targets = (
				56E7EF40288F8F0F0065F396 /* 大六壬起盘工具 */,
			);
		};
/* End PBXProject section */

/* Begin PBXResourcesBuildPhase section */
		56E7EF3F288F8F0F0065F396 /* Resources */ = {
			isa = PBXResourcesBuildPhase;
			buildActionMask = 2147483647;
			files = (
				56E7EF4C288F8F1B0065F396 /* Preview Assets.xcassets in Resources */,
				56E7EF49288F8F1B0065F396 /* Assets.xcassets in Resources */,
			);
			runOnlyForDeploymentPostprocessing = 0;
		};
/* End PBXResourcesBuildPhase section */

/* Begin PBXSourcesBuildPhase section */
		56E7EF3D288F8F0F0065F396 /* Sources */ = {
			isa = PBXSourcesBuildPhase;
			buildActionMask = 2147483647;
			files = (
				560E03DC28998F880035C9EE /* SiZhuView.swift in Sources */,
				562B590F28962BFB002AF874 /* calcSiZhu.swift in Sources */,
				567A488028A0D482005BDB16 /* WuXing.swift in Sources */,
				560E03D72898C7FE0035C9EE /* SanChuan.swift in Sources */,
				56E7EF47288F8F0F0065F396 /* ContentView.swift in Sources */,
				567A487E28A0CD55005BDB16 /* GanZhi.swift in Sources */,
				56E7EF45288F8F0F0065F396 /* KeXueSuanMing_iOSApp.swift in Sources */,
				560E03DE28998FB50035C9EE /* PanView.swift in Sources */,
				560E03D52898C7B00035C9EE /* Pan.swift in Sources */,
				560E03D92898C81C0035C9EE /* SiKe.swift in Sources */,
				56E7EF57289070DE0065F396 /* calcJD.swift in Sources */,
			);
			runOnlyForDeploymentPostprocessing = 0;
		};
/* End PBXSourcesBuildPhase section */

/* Begin XCBuildConfiguration section */
		56E7EF4D288F8F1B0065F396 /* Debug */ = {
			isa = XCBuildConfiguration;
			buildSettings = {
				ALWAYS_SEARCH_USER_PATHS = NO;
				CLANG_ANALYZER_NONNULL = YES;
				CLANG_ANALYZER_NUMBER_OBJECT_CONVERSION = YES_AGGRESSIVE;
				CLANG_CXX_LANGUAGE_STANDARD = "gnu++17";
				CLANG_ENABLE_MODULES = YES;
				CLANG_ENABLE_OBJC_ARC = YES;
				CLANG_ENABLE_OBJC_WEAK = YES;
				CLANG_WARN_BLOCK_CAPTURE_AUTORELEASING = YES;
				CLANG_WARN_BOOL_CONVERSION = YES;
				CLANG_WARN_COMMA = YES;
				CLANG_WARN_CONSTANT_CONVERSION = YES;
				CLANG_WARN_DEPRECATED_OBJC_IMPLEMENTATIONS = YES;
				CLANG_WARN_DIRECT_OBJC_ISA_USAGE = YES_ERROR;
				CLANG_WARN_DOCUMENTATION_COMMENTS = YES;
				CLANG_WARN_EMPTY_BODY = YES;
				CLANG_WARN_ENUM_CONVERSION = YES;
				CLANG_WARN_INFINITE_RECURSION = YES;
				CLANG_WARN_INT_CONVERSION = YES;
				CLANG_WARN_NON_LITERAL_NULL_CONVERSION = YES;
				CLANG_WARN_OBJC_IMPLICIT_RETAIN_SELF = YES;
				CLANG_WARN_OBJC_LITERAL_CONVERSION = YES;
				CLANG_WARN_OBJC_ROOT_CLASS = YES_ERROR;
				CLANG_WARN_QUOTED_INCLUDE_IN_FRAMEWORK_HEADER = YES;
				CLANG_WARN_RANGE_LOOP_ANALYSIS = YES;
				CLANG_WARN_STRICT_PROTOTYPES = YES;
				CLANG_WARN_SUSPICIOUS_MOVE = YES;
				CLANG_WARN_UNGUARDED_AVAILABILITY = YES_AGGRESSIVE;
				CLANG_WARN_UNREACHABLE_CODE = YES;
				CLANG_WARN__DUPLICATE_METHOD_MATCH = YES;
				COPY_PHASE_STRIP = NO;
				DEBUG_INFORMATION_FORMAT = dwarf;
				ENABLE_STRICT_OBJC_MSGSEND = YES;
				ENABLE_TESTABILITY = YES;
				GCC_C_LANGUAGE_STANDARD = gnu11;
				GCC_DYNAMIC_NO_PIC = NO;
				GCC_NO_COMMON_BLOCKS = YES;
				GCC_OPTIMIZATION_LEVEL = 0;
				GCC_PREPROCESSOR_DEFINITIONS = (
					"DEBUG=1",
					"$(inherited)",
				);
				GCC_WARN_64_TO_32_BIT_CONVERSION = YES;
				GCC_WARN_ABOUT_RETURN_TYPE = YES_ERROR;
				GCC_WARN_UNDECLARED_SELECTOR = YES;
				GCC_WARN_UNINITIALIZED_AUTOS = YES_AGGRESSIVE;
				GCC_WARN_UNUSED_FUNCTION = YES;
				GCC_WARN_UNUSED_VARIABLE = YES;
				IPHONEOS_DEPLOYMENT_TARGET = 15.5;
				MTL_ENABLE_DEBUG_INFO = INCLUDE_SOURCE;
				MTL_FAST_MATH = YES;
				ONLY_ACTIVE_ARCH = YES;
				SDKROOT = iphoneos;
				SWIFT_ACTIVE_COMPILATION_CONDITIONS = DEBUG;
				SWIFT_OPTIMIZATION_LEVEL = "-Onone";
			};
			name = Debug;
		};
		56E7EF4E288F8F1B0065F396 /* Release */ = {
			isa = XCBuildConfiguration;
			buildSettings = {
				ALWAYS_SEARCH_USER_PATHS = NO;
				CLANG_ANALYZER_NONNULL = YES;
				CLANG_ANALYZER_NUMBER_OBJECT_CONVERSION = YES_AGGRESSIVE;
				CLANG_CXX_LANGUAGE_STANDARD = "gnu++17";
				CLANG_ENABLE_MODULES = YES;
				CLANG_ENABLE_OBJC_ARC = YES;
				CLANG_ENABLE_OBJC_WEAK = YES;
				CLANG_WARN_BLOCK_CAPTURE_AUTORELEASING = YES;
				CLANG_WARN_BOOL_CONVERSION = YES;
				CLANG_WARN_COMMA = YES;
				CLANG_WARN_CONSTANT_CONVERSION = YES;
				CLANG_WARN_DEPRECATED_OBJC_IMPLEMENTATIONS = YES;
				CLANG_WARN_DIRECT_OBJC_ISA_USAGE = YES_ERROR;
				CLANG_WARN_DOCUMENTATION_COMMENTS = YES;
				CLANG_WARN_EMPTY_BODY = YES;
				CLANG_WARN_ENUM_CONVERSION = YES;
				CLANG_WARN_INFINITE_RECURSION = YES;
				CLANG_WARN_INT_CONVERSION = YES;
				CLANG_WARN_NON_LITERAL_NULL_CONVERSION = YES;
				CLANG_WARN_OBJC_IMPLICIT_RETAIN_SELF = YES;
				CLANG_WARN_OBJC_LITERAL_CONVERSION = YES;
				CLANG_WARN_OBJC_ROOT_CLASS = YES_ERROR;
				CLANG_WARN_QUOTED_INCLUDE_IN_FRAMEWORK_HEADER = YES;
				CLANG_WARN_RANGE_LOOP_ANALYSIS = YES;
				CLANG_WARN_STRICT_PROTOTYPES = YES;
				CLANG_WARN_SUSPICIOUS_MOVE = YES;
				CLANG_WARN_UNGUARDED_AVAILABILITY = YES_AGGRESSIVE;
				CLANG_WARN_UNREACHABLE_CODE = YES;
				CLANG_WARN__DUPLICATE_METHOD_MATCH = YES;
				COPY_PHASE_STRIP = NO;
				DEBUG_INFORMATION_FORMAT = "dwarf-with-dsym";
				ENABLE_NS_ASSERTIONS = NO;
				ENABLE_STRICT_OBJC_MSGSEND = YES;
				GCC_C_LANGUAGE_STANDARD = gnu11;
				GCC_NO_COMMON_BLOCKS = YES;
				GCC_WARN_64_TO_32_BIT_CONVERSION = YES;
				GCC_WARN_ABOUT_RETURN_TYPE = YES_ERROR;
				GCC_WARN_UNDECLARED_SELECTOR = YES;
				GCC_WARN_UNINITIALIZED_AUTOS = YES_AGGRESSIVE;
				GCC_WARN_UNUSED_FUNCTION = YES;
				GCC_WARN_UNUSED_VARIABLE = YES;
				IPHONEOS_DEPLOYMENT_TARGET = 15.5;
				MTL_ENABLE_DEBUG_INFO = NO;
				MTL_FAST_MATH = YES;
				SDKROOT = iphoneos;
				SWIFT_COMPILATION_MODE = wholemodule;
				SWIFT_OPTIMIZATION_LEVEL = "-O";
				VALIDATE_PRODUCT = YES;
			};
			name = Release;
		};
		56E7EF50288F8F1B0065F396 /* Debug */ = {
			isa = XCBuildConfiguration;
			buildSettings = {
				ASSETCATALOG_COMPILER_APPICON_NAME = AppIcon;
				ASSETCATALOG_COMPILER_GLOBAL_ACCENT_COLOR_NAME = AccentColor;
				CODE_SIGN_STYLE = Automatic;
				CURRENT_PROJECT_VERSION = 1;
				DEVELOPMENT_ASSET_PATHS = "\"KeXueSuanMing-iOS/Preview Content\"";
				DEVELOPMENT_TEAM = 5PLGK3M77J;
				ENABLE_PREVIEWS = YES;
				GENERATE_INFOPLIST_FILE = YES;
				INFOPLIST_KEY_UIApplicationSceneManifest_Generation = YES;
				INFOPLIST_KEY_UIApplicationSupportsIndirectInputEvents = YES;
				INFOPLIST_KEY_UILaunchScreen_Generation = YES;
				INFOPLIST_KEY_UISupportedInterfaceOrientations_iPad = "UIInterfaceOrientationPortrait UIInterfaceOrientationPortraitUpsideDown UIInterfaceOrientationLandscapeLeft UIInterfaceOrientationLandscapeRight";
				INFOPLIST_KEY_UISupportedInterfaceOrientations_iPhone = "UIInterfaceOrientationPortrait UIInterfaceOrientationLandscapeLeft UIInterfaceOrientationLandscapeRight";
				LD_RUNPATH_SEARCH_PATHS = (
					"$(inherited)",
					"@executable_path/Frameworks",
				);
				MARKETING_VERSION = 1.0;
				PRODUCT_BUNDLE_IDENTIFIER = "weichenluo.KeXueSuanMing-iOS";
				PRODUCT_NAME = "大六壬起盘工具";
				SWIFT_EMIT_LOC_STRINGS = YES;
				SWIFT_VERSION = 5.0;
				TARGETED_DEVICE_FAMILY = 1;
			};
			name = Debug;
		};
		56E7EF51288F8F1B0065F396 /* Release */ = {
			isa = XCBuildConfiguration;
			buildSettings = {
				ASSETCATALOG_COMPILER_APPICON_NAME = AppIcon;
				ASSETCATALOG_COMPILER_GLOBAL_ACCENT_COLOR_NAME = AccentColor;
				CODE_SIGN_STYLE = Automatic;
				CURRENT_PROJECT_VERSION = 1;
				DEVELOPMENT_ASSET_PATHS = "\"KeXueSuanMing-iOS/Preview Content\"";
				DEVELOPMENT_TEAM = 5PLGK3M77J;
				ENABLE_PREVIEWS = YES;
				GENERATE_INFOPLIST_FILE = YES;
				INFOPLIST_KEY_UIApplicationSceneManifest_Generation = YES;
				INFOPLIST_KEY_UIApplicationSupportsIndirectInputEvents = YES;
				INFOPLIST_KEY_UILaunchScreen_Generation = YES;
				INFOPLIST_KEY_UISupportedInterfaceOrientations_iPad = "UIInterfaceOrientationPortrait UIInterfaceOrientationPortraitUpsideDown UIInterfaceOrientationLandscapeLeft UIInterfaceOrientationLandscapeRight";
				INFOPLIST_KEY_UISupportedInterfaceOrientations_iPhone = "UIInterfaceOrientationPortrait UIInterfaceOrientationLandscapeLeft UIInterfaceOrientationLandscapeRight";
				LD_RUNPATH_SEARCH_PATHS = (
					"$(inherited)",
					"@executable_path/Frameworks",
				);
				MARKETING_VERSION = 1.0;
				PRODUCT_BUNDLE_IDENTIFIER = "weichenluo.KeXueSuanMing-iOS";
				PRODUCT_NAME = "大六壬起盘工具";
				SWIFT_EMIT_LOC_STRINGS = YES;
				SWIFT_VERSION = 5.0;
				TARGETED_DEVICE_FAMILY = 1;
			};
			name = Release;
		};
/* End XCBuildConfiguration section */

/* Begin XCConfigurationList section */
		56E7EF3C288F8F0F0065F396 /* Build configuration list for PBXProject "大六壬起盘工具" */ = {
			isa = XCConfigurationList;
			buildConfigurations = (
				56E7EF4D288F8F1B0065F396 /* Debug */,
				56E7EF4E288F8F1B0065F396 /* Release */,
			);
			defaultConfigurationIsVisible = 0;
			defaultConfigurationName = Release;
		};
		56E7EF4F288F8F1B0065F396 /* Build configuration list for PBXNativeTarget "大六壬起盘工具" */ = {
			isa = XCConfigurationList;
			buildConfigurations = (
				56E7EF50288F8F1B0065F396 /* Debug */,
				56E7EF51288F8F1B0065F396 /* Release */,
			);
			defaultConfigurationIsVisible = 0;
			defaultConfigurationName = Release;
		};
/* End XCConfigurationList section */
	};
	rootObject = 56E7EF39288F8F0F0065F396 /* Project object */;
}
